
Microsoft Visual Studio Solution File, Format Version 12.00
# Visual Studio Version 17
VisualStudioVersion = 17.12.35527.113
MinimumVisualStudioVersion = 10.0.40219.1
Project("{FAE04EC0-301F-11D3-BF4B-00C04F79EFBC}") = "WlcApCleaner", "WlcApCleaner.csproj", "{635920DB-B030-4A28-8311-52901F88AB0D}"
EndProject
Project("{54435603-DBB4-11D2-8724-00A0C9A8B90C}") = "WlcApCleanerSetup", "WlcApCleanerSetup\WlcApCleanerSetup.vdproj", "{1C4DB6F3-9FF6-4B0E-A8DE-F1B626F8D902}"
EndProject
Global
	GlobalSection(SolutionConfigurationPlatforms) = preSolution
		Debug|Any CPU = Debug|Any CPU
		Release|Any CPU = Release|Any CPU
	EndGlobalSection
	GlobalSection(ProjectConfigurationPlatforms) = postSolution
		{635920DB-B030-4A28-8311-52901F88AB0D}.Debug|Any CPU.ActiveCfg = Debug|Any CPU
		{635920DB-B030-4A28-8311-52901F88AB0D}.Debug|Any CPU.Build.0 = Debug|Any CPU
		{635920DB-B030-4A28-8311-52901F88AB0D}.Release|Any CPU.ActiveCfg = Release|Any CPU
		{635920DB-B030-4A28-8311-52901F88AB0D}.Release|Any CPU.Build.0 = Release|Any CPU
		{1C4DB6F3-9FF6-4B0E-A8DE-F1B626F8D902}.Debug|Any CPU.ActiveCfg = Debug
		{1C4DB6F3-9FF6-4B0E-A8DE-F1B626F8D902}.Release|Any CPU.ActiveCfg = Release
	EndGlobalSection
	GlobalSection(SolutionProperties) = preSolution
		HideSolutionNode = FALSE
	EndGlobalSection
EndGlobal
